// !$*UTF8*$!
{
	archiveVersion = 1;
	classes = {
	};
	objectVersion = 55;
	objects = {

/* Begin PBXBuildFile section */
		E0B0F55728D25081004E1220 /* Recipe_List_App.swift in Sources */ = {isa = PBXBuildFile; fileRef = E0B0F55628D25081004E1220 /* Recipe_List_App.swift */; };
		E0B0F55928D25081004E1220 /* RecipeListView.swift in Sources */ = {isa = PBXBuildFile; fileRef = E0B0F55828D25081004E1220 /* RecipeListView.swift */; };
		E0B0F55B28D25082004E1220 /* Assets.xcassets in Resources */ = {isa = PBXBuildFile; fileRef = E0B0F55A28D25082004E1220 /* Assets.xcassets */; };
		E0B0F55E28D25082004E1220 /* Preview Assets.xcassets in Resources */ = {isa = PBXBuildFile; fileRef = E0B0F55D28D25082004E1220 /* Preview Assets.xcassets */; };
		E0B0F56A28D25613004E1220 /* recipesOld.json in Resources */ = {isa = PBXBuildFile; fileRef = E0B0F56928D25613004E1220 /* recipesOld.json */; };
		E0B0F56C28D256D0004E1220 /* Recipe.swift in Sources */ = {isa = PBXBuildFile; fileRef = E0B0F56B28D256D0004E1220 /* Recipe.swift */; };
		E0B0F56E28D258E6004E1220 /* RecipeModel.swift in Sources */ = {isa = PBXBuildFile; fileRef = E0B0F56D28D258E6004E1220 /* RecipeModel.swift */; };
		E0B0F57028D25B98004E1220 /* DataService.swift in Sources */ = {isa = PBXBuildFile; fileRef = E0B0F56F28D25B98004E1220 /* DataService.swift */; };
		E0B0F57228D26E38004E1220 /* RecipeDetailView.swift in Sources */ = {isa = PBXBuildFile; fileRef = E0B0F57128D26E38004E1220 /* RecipeDetailView.swift */; };
		E0B0F57428D8D636004E1220 /* RecipeTabView.swift in Sources */ = {isa = PBXBuildFile; fileRef = E0B0F57328D8D636004E1220 /* RecipeTabView.swift */; };
		E0B0F57628D8E6F1004E1220 /* recipes.json in Resources */ = {isa = PBXBuildFile; fileRef = E0B0F57528D8E6F1004E1220 /* recipes.json */; };
/* End PBXBuildFile section */

/* Begin PBXFileReference section */
		E0B0F55328D25081004E1220 /* Recipe List App.app */ = {isa = PBXFileReference; explicitFileType = wrapper.application; includeInIndex = 0; path = "Recipe List App.app"; sourceTree = BUILT_PRODUCTS_DIR; };
		E0B0F55628D25081004E1220 /* Recipe_List_App.swift */ = {isa = PBXFileReference; lastKnownFileType = sourcecode.swift; path = Recipe_List_App.swift; sourceTree = "<group>"; };
		E0B0F55828D25081004E1220 /* RecipeListView.swift */ = {isa = PBXFileReference; lastKnownFileType = sourcecode.swift; path = RecipeListView.swift; sourceTree = "<group>"; };
		E0B0F55A28D25082004E1220 /* Assets.xcassets */ = {isa = PBXFileReference; lastKnownFileType = folder.assetcatalog; path = Assets.xcassets; sourceTree = "<group>"; };
		E0B0F55D28D25082004E1220 /* Preview Assets.xcassets */ = {isa = PBXFileReference; lastKnownFileType = folder.assetcatalog; path = "Preview Assets.xcassets"; sourceTree = "<group>"; };
		E0B0F56928D25613004E1220 /* recipesOld.json */ = {isa = PBXFileReference; fileEncoding = 4; lastKnownFileType = text.json; name = recipesOld.json; path = "RecipeListApp Resources/recipesOld.json"; sourceTree = SOURCE_ROOT; };
		E0B0F56B28D256D0004E1220 /* Recipe.swift */ = {isa = PBXFileReference; lastKnownFileType = sourcecode.swift; path = Recipe.swift; sourceTree = "<group>"; };
		E0B0F56D28D258E6004E1220 /* RecipeModel.swift */ = {isa = PBXFileReference; lastKnownFileType = sourcecode.swift; path = RecipeModel.swift; sourceTree = "<group>"; };
		E0B0F56F28D25B98004E1220 /* DataService.swift */ = {isa = PBXFileReference; lastKnownFileType = sourcecode.swift; path = DataService.swift; sourceTree = "<group>"; };
		E0B0F57128D26E38004E1220 /* RecipeDetailView.swift */ = {isa = PBXFileReference; lastKnownFileType = sourcecode.swift; path = RecipeDetailView.swift; sourceTree = "<group>"; };
		E0B0F57328D8D636004E1220 /* RecipeTabView.swift */ = {isa = PBXFileReference; lastKnownFileType = sourcecode.swift; path = RecipeTabView.swift; sourceTree = "<group>"; };
		E0B0F57528D8E6F1004E1220 /* recipes.json */ = {isa = PBXFileReference; fileEncoding = 4; lastKnownFileType = text.json; path = recipes.json; sourceTree = "<group>"; };
/* End PBXFileReference section */

/* Begin PBXFrameworksBuildPhase section */
		E0B0F55028D25081004E1220 /* Frameworks */ = {
			isa = PBXFrameworksBuildPhase;
			buildActionMask = 2147483647;
			files = (
			);
			runOnlyForDeploymentPostprocessing = 0;
		};
/* End PBXFrameworksBuildPhase section */

/* Begin PBXGroup section */
		E0B0F54A28D25081004E1220 = {
			isa = PBXGroup;
			children = (
				E0B0F55528D25081004E1220 /* Recipe List App */,
				E0B0F55428D25081004E1220 /* Products */,
			);
			sourceTree = "<group>";
		};
		E0B0F55428D25081004E1220 /* Products */ = {
			isa = PBXGroup;
			children = (
				E0B0F55328D25081004E1220 /* Recipe List App.app */,
			);
			name = Products;
			sourceTree = "<group>";
		};
		E0B0F55528D25081004E1220 /* Recipe List App */ = {
			isa = PBXGroup;
			children = (
				E0B0F55628D25081004E1220 /* Recipe_List_App.swift */,
				E0B0F56428D253A2004E1220 /* Views(UI Screens) */,
				E0B0F56528D253BD004E1220 /* ViewModels(InStancesOfObjs) */,
				E0B0F56628D253D6004E1220 /* Models(Classes&Structs) */,
				E0B0F56828D25405004E1220 /* Services */,
				E0B0F56728D253F4004E1220 /* Data(JSON Files) */,
				E0B0F55A28D25082004E1220 /* Assets.xcassets */,
				E0B0F55C28D25082004E1220 /* Preview Content */,
			);
			path = "Recipe List App";
			sourceTree = "<group>";
		};
		E0B0F55C28D25082004E1220 /* Preview Content */ = {
			isa = PBXGroup;
			children = (
				E0B0F55D28D25082004E1220 /* Preview Assets.xcassets */,
			);
			path = "Preview Content";
			sourceTree = "<group>";
		};
		E0B0F56428D253A2004E1220 /* Views(UI Screens) */ = {
			isa = PBXGroup;
			children = (
				E0B0F57328D8D636004E1220 /* RecipeTabView.swift */,
				E0B0F55828D25081004E1220 /* RecipeListView.swift */,
				E0B0F57128D26E38004E1220 /* RecipeDetailView.swift */,
			);
			path = "Views(UI Screens)";
			sourceTree = "<group>";
		};
		E0B0F56528D253BD004E1220 /* ViewModels(InStancesOfObjs) */ = {
			isa = PBXGroup;
			children = (
				E0B0F56D28D258E6004E1220 /* RecipeModel.swift */,
			);
			path = "ViewModels(InStancesOfObjs)";
			sourceTree = "<group>";
		};
		E0B0F56628D253D6004E1220 /* Models(Classes&Structs) */ = {
			isa = PBXGroup;
			children = (
				E0B0F56B28D256D0004E1220 /* Recipe.swift */,
			);
			path = "Models(Classes&Structs)";
			sourceTree = "<group>";
		};
		E0B0F56728D253F4004E1220 /* Data(JSON Files) */ = {
			isa = PBXGroup;
			children = (
				E0B0F57528D8E6F1004E1220 /* recipes.json */,
				E0B0F56928D25613004E1220 /* recipesOld.json */,
			);
			path = "Data(JSON Files)";
			sourceTree = "<group>";
		};
		E0B0F56828D25405004E1220 /* Services */ = {
			isa = PBXGroup;
			children = (
				E0B0F56F28D25B98004E1220 /* DataService.swift */,
			);
			path = Services;
			sourceTree = "<group>";
		};
/* End PBXGroup section */

/* Begin PBXNativeTarget section */
		E0B0F55228D25081004E1220 /* Recipe List App */ = {
			isa = PBXNativeTarget;
			buildConfigurationList = E0B0F56128D25082004E1220 /* Build configuration list for PBXNativeTarget "Recipe List App" */;
			buildPhases = (
				E0B0F54F28D25081004E1220 /* Sources */,
				E0B0F55028D25081004E1220 /* Frameworks */,
				E0B0F55128D25081004E1220 /* Resources */,
			);
			buildRules = (
			);
			dependencies = (
			);
			name = "Recipe List App";
			productName = "Recipe List App";
			productReference = E0B0F55328D25081004E1220 /* Recipe List App.app */;
			productType = "com.apple.product-type.application";
		};
/* End PBXNativeTarget section */

/* Begin PBXProject section */
		E0B0F54B28D25081004E1220 /* Project object */ = {
			isa = PBXProject;
			attributes = {
				BuildIndependentTargetsInParallel = 1;
				LastSwiftUpdateCheck = 1340;
				LastUpgradeCheck = 1340;
				TargetAttributes = {
					E0B0F55228D25081004E1220 = {
						CreatedOnToolsVersion = 13.4.1;
					};
				};
			};
			buildConfigurationList = E0B0F54E28D25081004E1220 /* Build configuration list for PBXProject "Recipe List App" */;
			compatibilityVersion = "Xcode 13.0";
			developmentRegion = en;
			hasScannedForEncodings = 0;
			knownRegions = (
				en,
				Base,
			);
			mainGroup = E0B0F54A28D25081004E1220;
			productRefGroup = E0B0F55428D25081004E1220 /* Products */;
			projectDirPath = "";
			projectRoot = "";
			targets = (
				E0B0F55228D25081004E1220 /* Recipe List App */,
			);
		};
/* End PBXProject section */

/* Begin PBXResourcesBuildPhase section */
		E0B0F55128D25081004E1220 /* Resources */ = {
			isa = PBXResourcesBuildPhase;
			buildActionMask = 2147483647;
			files = (
				E0B0F55E28D25082004E1220 /* Preview Assets.xcassets in Resources */,
				E0B0F56A28D25613004E1220 /* recipesOld.json in Resources */,
				E0B0F55B28D25082004E1220 /* Assets.xcassets in Resources */,
				E0B0F57628D8E6F1004E1220 /* recipes.json in Resources */,
			);
			runOnlyForDeploymentPostprocessing = 0;
		};
/* End PBXResourcesBuildPhase section */

/* Begin PBXSourcesBuildPhase section */
		E0B0F54F28D25081004E1220 /* Sources */ = {
			isa = PBXSourcesBuildPhase;
			buildActionMask = 2147483647;
			files = (
				E0B0F56C28D256D0004E1220 /* Recipe.swift in Sources */,
				E0B0F57228D26E38004E1220 /* RecipeDetailView.swift in Sources */,
				E0B0F56E28D258E6004E1220 /* RecipeModel.swift in Sources */,
				E0B0F55928D25081004E1220 /* RecipeListView.swift in Sources */,
				E0B0F55728D25081004E1220 /* Recipe_List_App.swift in Sources */,
				E0B0F57028D25B98004E1220 /* DataService.swift in Sources */,
				E0B0F57428D8D636004E1220 /* RecipeTabView.swift in Sources */,
			);
			runOnlyForDeploymentPostprocessing = 0;
		};
/* End PBXSourcesBuildPhase section */

/* Begin XCBuildConfiguration section */
		E0B0F55F28D25082004E1220 /* Debug */ = {
			isa = XCBuildConfiguration;
			buildSettings = {
				ALWAYS_SEARCH_USER_PATHS = NO;
				CLANG_ANALYZER_NONNULL = YES;
				CLANG_ANALYZER_NUMBER_OBJECT_CONVERSION = YES_AGGRESSIVE;
				CLANG_CXX_LANGUAGE_STANDARD = "gnu++17";
				CLANG_ENABLE_MODULES = YES;
				CLANG_ENABLE_OBJC_ARC = YES;
				CLANG_ENABLE_OBJC_WEAK = YES;
				CLANG_WARN_BLOCK_CAPTURE_AUTORELEASING = YES;
				CLANG_WARN_BOOL_CONVERSION = YES;
				CLANG_WARN_COMMA = YES;
				CLANG_WARN_CONSTANT_CONVERSION = YES;
				CLANG_WARN_DEPRECATED_OBJC_IMPLEMENTATIONS = YES;
				CLANG_WARN_DIRECT_OBJC_ISA_USAGE = YES_ERROR;
				CLANG_WARN_DOCUMENTATION_COMMENTS = YES;
				CLANG_WARN_EMPTY_BODY = YES;
				CLANG_WARN_ENUM_CONVERSION = YES;
				CLANG_WARN_INFINITE_RECURSION = YES;
				CLANG_WARN_INT_CONVERSION = YES;
				CLANG_WARN_NON_LITERAL_NULL_CONVERSION = YES;
				CLANG_WARN_OBJC_IMPLICIT_RETAIN_SELF = YES;
				CLANG_WARN_OBJC_LITERAL_CONVERSION = YES;
				CLANG_WARN_OBJC_ROOT_CLASS = YES_ERROR;
				CLANG_WARN_QUOTED_INCLUDE_IN_FRAMEWORK_HEADER = YES;
				CLANG_WARN_RANGE_LOOP_ANALYSIS = YES;
				CLANG_WARN_STRICT_PROTOTYPES = YES;
				CLANG_WARN_SUSPICIOUS_MOVE = YES;
				CLANG_WARN_UNGUARDED_AVAILABILITY = YES_AGGRESSIVE;
				CLANG_WARN_UNREACHABLE_CODE = YES;
				CLANG_WARN__DUPLICATE_METHOD_MATCH = YES;
				COPY_PHASE_STRIP = NO;
				DEBUG_INFORMATION_FORMAT = dwarf;
				ENABLE_STRICT_OBJC_MSGSEND = YES;
				ENABLE_TESTABILITY = YES;
				GCC_C_LANGUAGE_STANDARD = gnu11;
				GCC_DYNAMIC_NO_PIC = NO;
				GCC_NO_COMMON_BLOCKS = YES;
				GCC_OPTIMIZATION_LEVEL = 0;
				GCC_PREPROCESSOR_DEFINITIONS = (
					"DEBUG=1",
					"$(inherited)",
				);
				GCC_WARN_64_TO_32_BIT_CONVERSION = YES;
				GCC_WARN_ABOUT_RETURN_TYPE = YES_ERROR;
				GCC_WARN_UNDECLARED_SELECTOR = YES;
				GCC_WARN_UNINITIALIZED_AUTOS = YES_AGGRESSIVE;
				GCC_WARN_UNUSED_FUNCTION = YES;
				GCC_WARN_UNUSED_VARIABLE = YES;
				IPHONEOS_DEPLOYMENT_TARGET = 15.5;
				MTL_ENABLE_DEBUG_INFO = INCLUDE_SOURCE;
				MTL_FAST_MATH = YES;
				ONLY_ACTIVE_ARCH = YES;
				SDKROOT = iphoneos;
				SWIFT_ACTIVE_COMPILATION_CONDITIONS = DEBUG;
				SWIFT_OPTIMIZATION_LEVEL = "-Onone";
			};
			name = Debug;
		};
		E0B0F56028D25082004E1220 /* Release */ = {
			isa = XCBuildConfiguration;
			buildSettings = {
				ALWAYS_SEARCH_USER_PATHS = NO;
				CLANG_ANALYZER_NONNULL = YES;
				CLANG_ANALYZER_NUMBER_OBJECT_CONVERSION = YES_AGGRESSIVE;
				CLANG_CXX_LANGUAGE_STANDARD = "gnu++17";
				CLANG_ENABLE_MODULES = YES;
				CLANG_ENABLE_OBJC_ARC = YES;
				CLANG_ENABLE_OBJC_WEAK = YES;
				CLANG_WARN_BLOCK_CAPTURE_AUTORELEASING = YES;
				CLANG_WARN_BOOL_CONVERSION = YES;
				CLANG_WARN_COMMA = YES;
				CLANG_WARN_CONSTANT_CONVERSION = YES;
				CLANG_WARN_DEPRECATED_OBJC_IMPLEMENTATIONS = YES;
				CLANG_WARN_DIRECT_OBJC_ISA_USAGE = YES_ERROR;
				CLANG_WARN_DOCUMENTATION_COMMENTS = YES;
				CLANG_WARN_EMPTY_BODY = YES;
				CLANG_WARN_ENUM_CONVERSION = YES;
				CLANG_WARN_INFINITE_RECURSION = YES;
				CLANG_WARN_INT_CONVERSION = YES;
				CLANG_WARN_NON_LITERAL_NULL_CONVERSION = YES;
				CLANG_WARN_OBJC_IMPLICIT_RETAIN_SELF = YES;
				CLANG_WARN_OBJC_LITERAL_CONVERSION = YES;
				CLANG_WARN_OBJC_ROOT_CLASS = YES_ERROR;
				CLANG_WARN_QUOTED_INCLUDE_IN_FRAMEWORK_HEADER = YES;
				CLANG_WARN_RANGE_LOOP_ANALYSIS = YES;
				CLANG_WARN_STRICT_PROTOTYPES = YES;
				CLANG_WARN_SUSPICIOUS_MOVE = YES;
				CLANG_WARN_UNGUARDED_AVAILABILITY = YES_AGGRESSIVE;
				CLANG_WARN_UNREACHABLE_CODE = YES;
				CLANG_WARN__DUPLICATE_METHOD_MATCH = YES;
				COPY_PHASE_STRIP = NO;
				DEBUG_INFORMATION_FORMAT = "dwarf-with-dsym";
				ENABLE_NS_ASSERTIONS = NO;
				ENABLE_STRICT_OBJC_MSGSEND = YES;
				GCC_C_LANGUAGE_STANDARD = gnu11;
				GCC_NO_COMMON_BLOCKS = YES;
				GCC_WARN_64_TO_32_BIT_CONVERSION = YES;
				GCC_WARN_ABOUT_RETURN_TYPE = YES_ERROR;
				GCC_WARN_UNDECLARED_SELECTOR = YES;
				GCC_WARN_UNINITIALIZED_AUTOS = YES_AGGRESSIVE;
				GCC_WARN_UNUSED_FUNCTION = YES;
				GCC_WARN_UNUSED_VARIABLE = YES;
				IPHONEOS_DEPLOYMENT_TARGET = 15.5;
				MTL_ENABLE_DEBUG_INFO = NO;
				MTL_FAST_MATH = YES;
				SDKROOT = iphoneos;
				SWIFT_COMPILATION_MODE = wholemodule;
				SWIFT_OPTIMIZATION_LEVEL = "-O";
				VALIDATE_PRODUCT = YES;
			};
			name = Release;
		};
		E0B0F56228D25082004E1220 /* Debug */ = {
			isa = XCBuildConfiguration;
			buildSettings = {
				ASSETCATALOG_COMPILER_APPICON_NAME = AppIcon;
				ASSETCATALOG_COMPILER_GLOBAL_ACCENT_COLOR_NAME = AccentColor;
				CODE_SIGN_STYLE = Automatic;
				CURRENT_PROJECT_VERSION = 1;
				DEVELOPMENT_ASSET_PATHS = "\"Recipe List App/Preview Content\"";
				ENABLE_PREVIEWS = YES;
				GENERATE_INFOPLIST_FILE = YES;
				INFOPLIST_KEY_UIApplicationSceneManifest_Generation = YES;
				INFOPLIST_KEY_UIApplicationSupportsIndirectInputEvents = YES;
				INFOPLIST_KEY_UILaunchScreen_Generation = YES;
				INFOPLIST_KEY_UISupportedInterfaceOrientations_iPad = "UIInterfaceOrientationPortrait UIInterfaceOrientationPortraitUpsideDown UIInterfaceOrientationLandscapeLeft UIInterfaceOrientationLandscapeRight";
				INFOPLIST_KEY_UISupportedInterfaceOrientations_iPhone = "UIInterfaceOrientationPortrait UIInterfaceOrientationLandscapeLeft UIInterfaceOrientationLandscapeRight";
				LD_RUNPATH_SEARCH_PATHS = (
					"$(inherited)",
					"@executable_path/Frameworks",
				);
				MARKETING_VERSION = 1.0;
				PRODUCT_BUNDLE_IDENTIFIER = "Gennie-Newell-Company.Recipe-List-App";
				PRODUCT_NAME = "$(TARGET_NAME)";
				SWIFT_EMIT_LOC_STRINGS = YES;
				SWIFT_VERSION = 5.0;
				TARGETED_DEVICE_FAMILY = "1,2";
			};
			name = Debug;
		};
		E0B0F56328D25082004E1220 /* Release */ = {
			isa = XCBuildConfiguration;
			buildSettings = {
				ASSETCATALOG_COMPILER_APPICON_NAME = AppIcon;
				ASSETCATALOG_COMPILER_GLOBAL_ACCENT_COLOR_NAME = AccentColor;
				CODE_SIGN_STYLE = Automatic;
				CURRENT_PROJECT_VERSION = 1;
				DEVELOPMENT_ASSET_PATHS = "\"Recipe List App/Preview Content\"";
				ENABLE_PREVIEWS = YES;
				GENERATE_INFOPLIST_FILE = YES;
				INFOPLIST_KEY_UIApplicationSceneManifest_Generation = YES;
				INFOPLIST_KEY_UIApplicationSupportsIndirectInputEvents = YES;
				INFOPLIST_KEY_UILaunchScreen_Generation = YES;
				INFOPLIST_KEY_UISupportedInterfaceOrientations_iPad = "UIInterfaceOrientationPortrait UIInterfaceOrientationPortraitUpsideDown UIInterfaceOrientationLandscapeLeft UIInterfaceOrientationLandscapeRight";
				INFOPLIST_KEY_UISupportedInterfaceOrientations_iPhone = "UIInterfaceOrientationPortrait UIInterfaceOrientationLandscapeLeft UIInterfaceOrientationLandscapeRight";
				LD_RUNPATH_SEARCH_PATHS = (
					"$(inherited)",
					"@executable_path/Frameworks",
				);
				MARKETING_VERSION = 1.0;
				PRODUCT_BUNDLE_IDENTIFIER = "Gennie-Newell-Company.Recipe-List-App";
				PRODUCT_NAME = "$(TARGET_NAME)";
				SWIFT_EMIT_LOC_STRINGS = YES;
				SWIFT_VERSION = 5.0;
				TARGETED_DEVICE_FAMILY = "1,2";
			};
			name = Release;
		};
/* End XCBuildConfiguration section */

/* Begin XCConfigurationList section */
		E0B0F54E28D25081004E1220 /* Build configuration list for PBXProject "Recipe List App" */ = {
			isa = XCConfigurationList;
			buildConfigurations = (
				E0B0F55F28D25082004E1220 /* Debug */,
				E0B0F56028D25082004E1220 /* Release */,
			);
			defaultConfigurationIsVisible = 0;
			defaultConfigurationName = Release;
		};
		E0B0F56128D25082004E1220 /* Build configuration list for PBXNativeTarget "Recipe List App" */ = {
			isa = XCConfigurationList;
			buildConfigurations = (
				E0B0F56228D25082004E1220 /* Debug */,
				E0B0F56328D25082004E1220 /* Release */,
			);
			defaultConfigurationIsVisible = 0;
			defaultConfigurationName = Release;
		};
/* End XCConfigurationList section */
	};
	rootObject = E0B0F54B28D25081004E1220 /* Project object */;
}
